// !$*UTF8*$!
{
	archiveVersion = 1;
	classes = {
	};
	objectVersion = 46;
	objects = {

/* Begin PBXBuildFile section */
		85CA17751D92A1C4007C2276 /* main.m in Sources */ = {isa = PBXBuildFile; fileRef = 85CA17741D92A1C4007C2276 /* main.m */; };
		85CA17781D92A1C4007C2276 /* AppDelegate.m in Sources */ = {isa = PBXBuildFile; fileRef = 85CA17771D92A1C4007C2276 /* AppDelegate.m */; };
		85CA177B1D92A1C4007C2276 /* ViewController.m in Sources */ = {isa = PBXBuildFile; fileRef = 85CA177A1D92A1C4007C2276 /* ViewController.m */; };
		85CA177E1D92A1C4007C2276 /* Main.storyboard in Resources */ = {isa = PBXBuildFile; fileRef = 85CA177C1D92A1C4007C2276 /* Main.storyboard */; };
		85CA17801D92A1C4007C2276 /* Assets.xcassets in Resources */ = {isa = PBXBuildFile; fileRef = 85CA177F1D92A1C4007C2276 /* Assets.xcassets */; };
		85CA17831D92A1C4007C2276 /* LaunchScreen.storyboard in Resources */ = {isa = PBXBuildFile; fileRef = 85CA17811D92A1C4007C2276 /* LaunchScreen.storyboard */; };
		85CA178E1D92A1C4007C2276 /* AFnetworking____UITests.m in Sources */ = {isa = PBXBuildFile; fileRef = 85CA178D1D92A1C4007C2276 /* AFnetworking____UITests.m */; };
		85CA17991D92A1D7007C2276 /* IMG_2098.PNG in Resources */ = {isa = PBXBuildFile; fileRef = 85CA17981D92A1D7007C2276 /* IMG_2098.PNG */; };
/* End PBXBuildFile section */

/* Begin PBXContainerItemProxy section */
		85CA178A1D92A1C4007C2276 /* PBXContainerItemProxy */ = {
			isa = PBXContainerItemProxy;
			containerPortal = 85CA17681D92A1C4007C2276 /* Project object */;
			proxyType = 1;
			remoteGlobalIDString = 85CA176F1D92A1C4007C2276;
			remoteInfo = "AFnetworking上传图片";
		};
/* End PBXContainerItemProxy section */

/* Begin PBXFileReference section */
		85CA17701D92A1C4007C2276 /* AFnetworking上传图片.app */ = {isa = PBXFileReference; explicitFileType = wrapper.application; includeInIndex = 0; path = "AFnetworking上传图片.app"; sourceTree = BUILT_PRODUCTS_DIR; };
		85CA17741D92A1C4007C2276 /* main.m */ = {isa = PBXFileReference; lastKnownFileType = sourcecode.c.objc; path = main.m; sourceTree = "<group>"; };
		85CA17761D92A1C4007C2276 /* AppDelegate.h */ = {isa = PBXFileReference; lastKnownFileType = sourcecode.c.h; path = AppDelegate.h; sourceTree = "<group>"; };
		85CA17771D92A1C4007C2276 /* AppDelegate.m */ = {isa = PBXFileReference; lastKnownFileType = sourcecode.c.objc; path = AppDelegate.m; sourceTree = "<group>"; };
		85CA17791D92A1C4007C2276 /* ViewController.h */ = {isa = PBXFileReference; lastKnownFileType = sourcecode.c.h; path = ViewController.h; sourceTree = "<group>"; };
		85CA177A1D92A1C4007C2276 /* ViewController.m */ = {isa = PBXFileReference; lastKnownFileType = sourcecode.c.objc; path = ViewController.m; sourceTree = "<group>"; };
		85CA177D1D92A1C4007C2276 /* Base */ = {isa = PBXFileReference; lastKnownFileType = file.storyboard; name = Base; path = Base.lproj/Main.storyboard; sourceTree = "<group>"; };
		85CA177F1D92A1C4007C2276 /* Assets.xcassets */ = {isa = PBXFileReference; lastKnownFileType = folder.assetcatalog; path = Assets.xcassets; sourceTree = "<group>"; };
		85CA17821D92A1C4007C2276 /* Base */ = {isa = PBXFileReference; lastKnownFileType = file.storyboard; name = Base; path = Base.lproj/LaunchScreen.storyboard; sourceTree = "<group>"; };
		85CA17841D92A1C4007C2276 /* Info.plist */ = {isa = PBXFileReference; lastKnownFileType = text.plist.xml; path = Info.plist; sourceTree = "<group>"; };
		85CA17891D92A1C4007C2276 /* AFnetworking上传图片UITests.xctest */ = {isa = PBXFileReference; explicitFileType = wrapper.cfbundle; includeInIndex = 0; path = "AFnetworking上传图片UITests.xctest"; sourceTree = BUILT_PRODUCTS_DIR; };
		85CA178D1D92A1C4007C2276 /* AFnetworking____UITests.m */ = {isa = PBXFileReference; lastKnownFileType = sourcecode.c.objc; path = "AFnetworking____UITests.m"; sourceTree = "<group>"; };
		85CA178F1D92A1C4007C2276 /* Info.plist */ = {isa = PBXFileReference; lastKnownFileType = text.plist.xml; path = Info.plist; sourceTree = "<group>"; };
		85CA17981D92A1D7007C2276 /* IMG_2098.PNG */ = {isa = PBXFileReference; lastKnownFileType = image.png; path = IMG_2098.PNG; sourceTree = "<group>"; };
/* End PBXFileReference section */

/* Begin PBXFrameworksBuildPhase section */
		85CA176D1D92A1C4007C2276 /* Frameworks */ = {
			isa = PBXFrameworksBuildPhase;
			buildActionMask = 2147483647;
			files = (
			);
			runOnlyForDeploymentPostprocessing = 0;
		};
		85CA17861D92A1C4007C2276 /* Frameworks */ = {
			isa = PBXFrameworksBuildPhase;
			buildActionMask = 2147483647;
			files = (
			);
			runOnlyForDeploymentPostprocessing = 0;
		};
/* End PBXFrameworksBuildPhase section */

/* Begin PBXGroup section */
		85CA17671D92A1C4007C2276 = {
			isa = PBXGroup;
			children = (
				85CA17721D92A1C4007C2276 /* AFnetworking上传图片 */,
				85CA178C1D92A1C4007C2276 /* AFnetworking上传图片UITests */,
				85CA17711D92A1C4007C2276 /* Products */,
			);
			sourceTree = "<group>";
		};
		85CA17711D92A1C4007C2276 /* Products */ = {
			isa = PBXGroup;
			children = (
				85CA17701D92A1C4007C2276 /* AFnetworking上传图片.app */,
				85CA17891D92A1C4007C2276 /* AFnetworking上传图片UITests.xctest */,
			);
			name = Products;
			sourceTree = "<group>";
		};
		85CA17721D92A1C4007C2276 /* AFnetworking上传图片 */ = {
			isa = PBXGroup;
			children = (
				85CA17761D92A1C4007C2276 /* AppDelegate.h */,
				85CA17771D92A1C4007C2276 /* AppDelegate.m */,
				85CA17791D92A1C4007C2276 /* ViewController.h */,
				85CA177A1D92A1C4007C2276 /* ViewController.m */,
				85CA177C1D92A1C4007C2276 /* Main.storyboard */,
				85CA17981D92A1D7007C2276 /* IMG_2098.PNG */,
				85CA177F1D92A1C4007C2276 /* Assets.xcassets */,
				85CA17811D92A1C4007C2276 /* LaunchScreen.storyboard */,
				85CA17841D92A1C4007C2276 /* Info.plist */,
				85CA17731D92A1C4007C2276 /* Supporting Files */,
			);
			path = "AFnetworking上传图片";
			sourceTree = "<group>";
		};
		85CA17731D92A1C4007C2276 /* Supporting Files */ = {
			isa = PBXGroup;
			children = (
				85CA17741D92A1C4007C2276 /* main.m */,
			);
			name = "Supporting Files";
			sourceTree = "<group>";
		};
		85CA178C1D92A1C4007C2276 /* AFnetworking上传图片UITests */ = {
			isa = PBXGroup;
			children = (
				85CA178D1D92A1C4007C2276 /* AFnetworking____UITests.m */,
				85CA178F1D92A1C4007C2276 /* Info.plist */,
			);
			path = "AFnetworking上传图片UITests";
			sourceTree = "<group>";
		};
/* End PBXGroup section */

/* Begin PBXNativeTarget section */
		85CA176F1D92A1C4007C2276 /* AFnetworking上传图片 */ = {
			isa = PBXNativeTarget;
			buildConfigurationList = 85CA17921D92A1C4007C2276 /* Build configuration list for PBXNativeTarget "AFnetworking上传图片" */;
			buildPhases = (
				85CA176C1D92A1C4007C2276 /* Sources */,
				85CA176D1D92A1C4007C2276 /* Frameworks */,
				85CA176E1D92A1C4007C2276 /* Resources */,
			);
			buildRules = (
			);
			dependencies = (
			);
			name = "AFnetworking上传图片";
			productName = "AFnetworking上传图片";
			productReference = 85CA17701D92A1C4007C2276 /* AFnetworking上传图片.app */;
			productType = "com.apple.product-type.application";
		};
		85CA17881D92A1C4007C2276 /* AFnetworking上传图片UITests */ = {
			isa = PBXNativeTarget;
			buildConfigurationList = 85CA17951D92A1C4007C2276 /* Build configuration list for PBXNativeTarget "AFnetworking上传图片UITests" */;
			buildPhases = (
				85CA17851D92A1C4007C2276 /* Sources */,
				85CA17861D92A1C4007C2276 /* Frameworks */,
				85CA17871D92A1C4007C2276 /* Resources */,
			);
			buildRules = (
			);
			dependencies = (
				85CA178B1D92A1C4007C2276 /* PBXTargetDependency */,
			);
			name = "AFnetworking上传图片UITests";
			productName = "AFnetworking上传图片UITests";
			productReference = 85CA17891D92A1C4007C2276 /* AFnetworking上传图片UITests.xctest */;
			productType = "com.apple.product-type.bundle.ui-testing";
		};
/* End PBXNativeTarget section */

/* Begin PBXProject section */
		85CA17681D92A1C4007C2276 /* Project object */ = {
			isa = PBXProject;
			attributes = {
				LastUpgradeCheck = 0710;
				ORGANIZATIONNAME = tarena;
				TargetAttributes = {
					85CA176F1D92A1C4007C2276 = {
						CreatedOnToolsVersion = 7.1;
						DevelopmentTeam = CWEB6CKCJ6;
					};
					85CA17881D92A1C4007C2276 = {
						CreatedOnToolsVersion = 7.1;
						DevelopmentTeam = CWEB6CKCJ6;
						TestTargetID = 85CA176F1D92A1C4007C2276;
					};
				};
			};
			buildConfigurationList = 85CA176B1D92A1C4007C2276 /* Build configuration list for PBXProject "AFnetworking上传图片" */;
			compatibilityVersion = "Xcode 3.2";
			developmentRegion = English;
			hasScannedForEncodings = 0;
			knownRegions = (
				en,
				Base,
			);
			mainGroup = 85CA17671D92A1C4007C2276;
			productRefGroup = 85CA17711D92A1C4007C2276 /* Products */;
			projectDirPath = "";
			projectRoot = "";
			targets = (
				85CA176F1D92A1C4007C2276 /* AFnetworking上传图片 */,
				85CA17881D92A1C4007C2276 /* AFnetworking上传图片UITests */,
			);
		};
/* End PBXProject section */

/* Begin PBXResourcesBuildPhase section */
		85CA176E1D92A1C4007C2276 /* Resources */ = {
			isa = PBXResourcesBuildPhase;
			buildActionMask = 2147483647;
			files = (
				85CA17831D92A1C4007C2276 /* LaunchScreen.storyboard in Resources */,
				85CA17801D92A1C4007C2276 /* Assets.xcassets in Resources */,
				85CA17991D92A1D7007C2276 /* IMG_2098.PNG in Resources */,
				85CA177E1D92A1C4007C2276 /* Main.storyboard in Resources */,
			);
			runOnlyForDeploymentPostprocessing = 0;
		};
		85CA17871D92A1C4007C2276 /* Resources */ = {
			isa = PBXResourcesBuildPhase;
			buildActionMask = 2147483647;
			files = (
			);
			runOnlyForDeploymentPostprocessing = 0;
		};
/* End PBXResourcesBuildPhase section */

/* Begin PBXSourcesBuildPhase section */
		85CA176C1D92A1C4007C2276 /* Sources */ = {
			isa = PBXSourcesBuildPhase;
			buildActionMask = 2147483647;
			files = (
				85CA177B1D92A1C4007C2276 /* ViewController.m in Sources */,
				85CA17781D92A1C4007C2276 /* AppDelegate.m in Sources */,
				85CA17751D92A1C4007C2276 /* main.m in Sources */,
			);
			runOnlyForDeploymentPostprocessing = 0;
		};
		85CA17851D92A1C4007C2276 /* Sources */ = {
			isa = PBXSourcesBuildPhase;
			buildActionMask = 2147483647;
			files = (
				85CA178E1D92A1C4007C2276 /* AFnetworking____UITests.m in Sources */,
			);
			runOnlyForDeploymentPostprocessing = 0;
		};
/* End PBXSourcesBuildPhase section */

/* Begin PBXTargetDependency section */
		85CA178B1D92A1C4007C2276 /* PBXTargetDependency */ = {
			isa = PBXTargetDependency;
			target = 85CA176F1D92A1C4007C2276 /* AFnetworking上传图片 */;
			targetProxy = 85CA178A1D92A1C4007C2276 /* PBXContainerItemProxy */;
		};
/* End PBXTargetDependency section */

/* Begin PBXVariantGroup section */
		85CA177C1D92A1C4007C2276 /* Main.storyboard */ = {
			isa = PBXVariantGroup;
			children = (
				85CA177D1D92A1C4007C2276 /* Base */,
			);
			name = Main.storyboard;
			sourceTree = "<group>";
		};
		85CA17811D92A1C4007C2276 /* LaunchScreen.storyboard */ = {
			isa = PBXVariantGroup;
			children = (
				85CA17821D92A1C4007C2276 /* Base */,
			);
			name = LaunchScreen.storyboard;
			sourceTree = "<group>";
		};
/* End PBXVariantGroup section */

/* Begin XCBuildConfiguration section */
		85CA17901D92A1C4007C2276 /* Debug */ = {
			isa = XCBuildConfiguration;
			buildSettings = {
				ALWAYS_SEARCH_USER_PATHS = NO;
				CLANG_CXX_LANGUAGE_STANDARD = "gnu++0x";
				CLANG_CXX_LIBRARY = "libc++";
				CLANG_ENABLE_MODULES = YES;
				CLANG_ENABLE_OBJC_ARC = YES;
				CLANG_WARN_BOOL_CONVERSION = YES;
				CLANG_WARN_CONSTANT_CONVERSION = YES;
				CLANG_WARN_DIRECT_OBJC_ISA_USAGE = YES_ERROR;
				CLANG_WARN_EMPTY_BODY = YES;
				CLANG_WARN_ENUM_CONVERSION = YES;
				CLANG_WARN_INT_CONVERSION = YES;
				CLANG_WARN_OBJC_ROOT_CLASS = YES_ERROR;
				CLANG_WARN_UNREACHABLE_CODE = YES;
				CLANG_WARN__DUPLICATE_METHOD_MATCH = YES;
				"CODE_SIGN_IDENTITY[sdk=iphoneos*]" = "iPhone Developer";
				COPY_PHASE_STRIP = NO;
				DEBUG_INFORMATION_FORMAT = dwarf;
				ENABLE_STRICT_OBJC_MSGSEND = YES;
				ENABLE_TESTABILITY = YES;
				GCC_C_LANGUAGE_STANDARD = gnu99;
				GCC_DYNAMIC_NO_PIC = NO;
				GCC_NO_COMMON_BLOCKS = YES;
				GCC_OPTIMIZATION_LEVEL = 0;
				GCC_PREPROCESSOR_DEFINITIONS = (
					"DEBUG=1",
					"$(inherited)",
				);
				GCC_WARN_64_TO_32_BIT_CONVERSION = YES;
				GCC_WARN_ABOUT_RETURN_TYPE = YES_ERROR;
				GCC_WARN_UNDECLARED_SELECTOR = YES;
				GCC_WARN_UNINITIALIZED_AUTOS = YES_AGGRESSIVE;
				GCC_WARN_UNUSED_FUNCTION = YES;
				GCC_WARN_UNUSED_VARIABLE = YES;
				IPHONEOS_DEPLOYMENT_TARGET = 9.1;
				MTL_ENABLE_DEBUG_INFO = YES;
				ONLY_ACTIVE_ARCH = YES;
				SDKROOT = iphoneos;
				TARGETED_DEVICE_FAMILY = "1,2";
			};
			name = Debug;
		};
		85CA17911D92A1C4007C2276 /* Release */ = {
			isa = XCBuildConfiguration;
			buildSettings = {
				ALWAYS_SEARCH_USER_PATHS = NO;
				CLANG_CXX_LANGUAGE_STANDARD = "gnu++0x";
				CLANG_CXX_LIBRARY = "libc++";
				CLANG_ENABLE_MODULES = YES;
				CLANG_ENABLE_OBJC_ARC = YES;
				CLANG_WARN_BOOL_CONVERSION = YES;
				CLANG_WARN_CONSTANT_CONVERSION = YES;
				CLANG_WARN_DIRECT_OBJC_ISA_USAGE = YES_ERROR;
				CLANG_WARN_EMPTY_BODY = YES;
				CLANG_WARN_ENUM_CONVERSION = YES;
				CLANG_WARN_INT_CONVERSION = YES;
				CLANG_WARN_OBJC_ROOT_CLASS = YES_ERROR;
				CLANG_WARN_UNREACHABLE_CODE = YES;
				CLANG_WARN__DUPLICATE_METHOD_MATCH = YES;
				"CODE_SIGN_IDENTITY[sdk=iphoneos*]" = "iPhone Developer";
				COPY_PHASE_STRIP = NO;
				DEBUG_INFORMATION_FORMAT = "dwarf-with-dsym";
				ENABLE_NS_ASSERTIONS = NO;
				ENABLE_STRICT_OBJC_MSGSEND = YES;
				GCC_C_LANGUAGE_STANDARD = gnu99;
				GCC_NO_COMMON_BLOCKS = YES;
				GCC_WARN_64_TO_32_BIT_CONVERSION = YES;
				GCC_WARN_ABOUT_RETURN_TYPE = YES_ERROR;
				GCC_WARN_UNDECLARED_SELECTOR = YES;
				GCC_WARN_UNINITIALIZED_AUTOS = YES_AGGRESSIVE;
				GCC_WARN_UNUSED_FUNCTION = YES;
				GCC_WARN_UNUSED_VARIABLE = YES;
				IPHONEOS_DEPLOYMENT_TARGET = 9.1;
				MTL_ENABLE_DEBUG_INFO = NO;
				SDKROOT = iphoneos;
				TARGETED_DEVICE_FAMILY = "1,2";
				VALIDATE_PRODUCT = YES;
			};
			name = Release;
		};
		85CA17931D92A1C4007C2276 /* Debug */ = {
			isa = XCBuildConfiguration;
			buildSettings = {
				ASSETCATALOG_COMPILER_APPICON_NAME = AppIcon;
				INFOPLIST_FILE = "AFnetworking上传图片/Info.plist";
				LD_RUNPATH_SEARCH_PATHS = "$(inherited) @executable_path/Frameworks";
				PRODUCT_BUNDLE_IDENTIFIER = "cn.tedu.AFnetworking----";
				PRODUCT_NAME = "$(TARGET_NAME)";
			};
			name = Debug;
		};
		85CA17941D92A1C4007C2276 /* Release */ = {
			isa = XCBuildConfiguration;
			buildSettings = {
				ASSETCATALOG_COMPILER_APPICON_NAME = AppIcon;
				INFOPLIST_FILE = "AFnetworking上传图片/Info.plist";
				LD_RUNPATH_SEARCH_PATHS = "$(inherited) @executable_path/Frameworks";
				PRODUCT_BUNDLE_IDENTIFIER = "cn.tedu.AFnetworking----";
				PRODUCT_NAME = "$(TARGET_NAME)";
			};
			name = Release;
		};
		85CA17961D92A1C4007C2276 /* Debug */ = {
			isa = XCBuildConfiguration;
			buildSettings = {
				INFOPLIST_FILE = "AFnetworking上传图片UITests/Info.plist";
				LD_RUNPATH_SEARCH_PATHS = "$(inherited) @executable_path/Frameworks @loader_path/Frameworks";
				PRODUCT_BUNDLE_IDENTIFIER = "cn.tedu.AFnetworking----UITests";
				PRODUCT_NAME = "$(TARGET_NAME)";
				TEST_TARGET_NAME = "AFnetworking上传图片";
				USES_XCTRUNNER = YES;
			};
			name = Debug;
		};
		85CA17971D92A1C4007C2276 /* Release */ = {
			isa = XCBuildConfiguration;
			buildSettings = {
				INFOPLIST_FILE = "AFnetworking上传图片UITests/Info.plist";
				LD_RUNPATH_SEARCH_PATHS = "$(inherited) @executable_path/Frameworks @loader_path/Frameworks";
				PRODUCT_BUNDLE_IDENTIFIER = "cn.tedu.AFnetworking----UITests";
				PRODUCT_NAME = "$(TARGET_NAME)";
				TEST_TARGET_NAME = "AFnetworking上传图片";
				USES_XCTRUNNER = YES;
			};
			name = Release;
		};
/* End XCBuildConfiguration section */

/* Begin XCConfigurationList section */
		85CA176B1D92A1C4007C2276 /* Build configuration list for PBXProject "AFnetworking上传图片" */ = {
			isa = XCConfigurationList;
			buildConfigurations = (
				85CA17901D92A1C4007C2276 /* Debug */,
				85CA17911D92A1C4007C2276 /* Release */,
			);
			defaultConfigurationIsVisible = 0;
			defaultConfigurationName = Release;
		};
		85CA17921D92A1C4007C2276 /* Build configuration list for PBXNativeTarget "AFnetworking上传图片" */ = {
			isa = XCConfigurationList;
			buildConfigurations = (
				85CA17931D92A1C4007C2276 /* Debug */,
				85CA17941D92A1C4007C2276 /* Release */,
			);
			defaultConfigurationIsVisible = 0;
		};
		85CA17951D92A1C4007C2276 /* Build configuration list for PBXNativeTarget "AFnetworking上传图片UITests" */ = {
			isa = XCConfigurationList;
			buildConfigurations = (
				85CA17961D92A1C4007C2276 /* Debug */,
				85CA17971D92A1C4007C2276 /* Release */,
			);
			defaultConfigurationIsVisible = 0;
		};
/* End XCConfigurationList section */
	};
	rootObject = 85CA17681D92A1C4007C2276 /* Project object */;
}
